
Microsoft Visual Studio Solution File, Format Version 12.00
# Visual Studio 15
VisualStudioVersion = 15.0.27428.2043
MinimumVisualStudioVersion = 10.0.40219.1
Project("{FAE04EC0-301F-11D3-BF4B-00C04F79EFBC}") = "SimpleUWPApp", "SimpleUWPApp\SimpleUWPApp.csproj", "{51596AEA-BE6E-4D18-8D20-9DC2E725868F}"
EndProject
Project("{FAE04EC0-301F-11D3-BF4B-00C04F79EFBC}") = "SimpleLib", "SimpleLib\SimpleLib.csproj", "{FBDED8BB-27BD-4236-94B1-32C6B0998113}"
EndProject
Project("{FAE04EC0-301F-11D3-BF4B-00C04F79EFBC}") = "SimpleWTSApp", "SimpleWTSApp\SimpleWTSApp.csproj", "{AAA3B111-8392-411A-B55D-BC90D416EBE6}"
EndProject
Global
	GlobalSection(SolutionConfigurationPlatforms) = preSolution
		Debug|Any CPU = Debug|Any CPU
		Debug|ARM = Debug|ARM
		Debug|x64 = Debug|x64
		Debug|x86 = Debug|x86
		Release|Any CPU = Release|Any CPU
		Release|ARM = Release|ARM
		Release|x64 = Release|x64
		Release|x86 = Release|x86
	EndGlobalSection
	GlobalSection(ProjectConfigurationPlatforms) = postSolution
		{51596AEA-BE6E-4D18-8D20-9DC2E725868F}.Debug|Any CPU.ActiveCfg = Debug|x86
		{51596AEA-BE6E-4D18-8D20-9DC2E725868F}.Debug|ARM.ActiveCfg = Debug|ARM
		{51596AEA-BE6E-4D18-8D20-9DC2E725868F}.Debug|ARM.Build.0 = Debug|ARM
		{51596AEA-BE6E-4D18-8D20-9DC2E725868F}.Debug|ARM.Deploy.0 = Debug|ARM
		{51596AEA-BE6E-4D18-8D20-9DC2E725868F}.Debug|x64.ActiveCfg = Debug|x64
		{51596AEA-BE6E-4D18-8D20-9DC2E725868F}.Debug|x64.Build.0 = Debug|x64
		{51596AEA-BE6E-4D18-8D20-9DC2E725868F}.Debug|x64.Deploy.0 = Debug|x64
		{51596AEA-BE6E-4D18-8D20-9DC2E725868F}.Debug|x86.ActiveCfg = Debug|x86
		{51596AEA-BE6E-4D18-8D20-9DC2E725868F}.Debug|x86.Build.0 = Debug|x86
		{51596AEA-BE6E-4D18-8D20-9DC2E725868F}.Debug|x86.Deploy.0 = Debug|x86
		{51596AEA-BE6E-4D18-8D20-9DC2E725868F}.Release|Any CPU.ActiveCfg = Release|x86
		{51596AEA-BE6E-4D18-8D20-9DC2E725868F}.Release|ARM.ActiveCfg = Release|ARM
		{51596AEA-BE6E-4D18-8D20-9DC2E725868F}.Release|ARM.Build.0 = Release|ARM
		{51596AEA-BE6E-4D18-8D20-9DC2E725868F}.Release|ARM.Deploy.0 = Release|ARM
		{51596AEA-BE6E-4D18-8D20-9DC2E725868F}.Release|x64.ActiveCfg = Release|x64
		{51596AEA-BE6E-4D18-8D20-9DC2E725868F}.Release|x64.Build.0 = Release|x64
		{51596AEA-BE6E-4D18-8D20-9DC2E725868F}.Release|x64.Deploy.0 = Release|x64
		{51596AEA-BE6E-4D18-8D20-9DC2E725868F}.Release|x86.ActiveCfg = Release|x86
		{51596AEA-BE6E-4D18-8D20-9DC2E725868F}.Release|x86.Build.0 = Release|x86
		{51596AEA-BE6E-4D18-8D20-9DC2E725868F}.Release|x86.Deploy.0 = Release|x86
		{FBDED8BB-27BD-4236-94B1-32C6B0998113}.Debug|Any CPU.ActiveCfg = Debug|Any CPU
		{FBDED8BB-27BD-4236-94B1-32C6B0998113}.Debug|Any CPU.Build.0 = Debug|Any CPU
		{FBDED8BB-27BD-4236-94B1-32C6B0998113}.Debug|ARM.ActiveCfg = Debug|Any CPU
		{FBDED8BB-27BD-4236-94B1-32C6B0998113}.Debug|ARM.Build.0 = Debug|Any CPU
		{FBDED8BB-27BD-4236-94B1-32C6B0998113}.Debug|x64.ActiveCfg = Debug|Any CPU
		{FBDED8BB-27BD-4236-94B1-32C6B0998113}.Debug|x64.Build.0 = Debug|Any CPU
		{FBDED8BB-27BD-4236-94B1-32C6B0998113}.Debug|x86.ActiveCfg = Debug|Any CPU
		{FBDED8BB-27BD-4236-94B1-32C6B0998113}.Debug|x86.Build.0 = Debug|Any CPU
		{FBDED8BB-27BD-4236-94B1-32C6B0998113}.Release|Any CPU.ActiveCfg = Release|Any CPU
		{FBDED8BB-27BD-4236-94B1-32C6B0998113}.Release|Any CPU.Build.0 = Release|Any CPU
		{FBDED8BB-27BD-4236-94B1-32C6B0998113}.Release|ARM.ActiveCfg = Release|Any CPU
		{FBDED8BB-27BD-4236-94B1-32C6B0998113}.Release|ARM.Build.0 = Release|Any CPU
		{FBDED8BB-27BD-4236-94B1-32C6B0998113}.Release|x64.ActiveCfg = Release|Any CPU
		{FBDED8BB-27BD-4236-94B1-32C6B0998113}.Release|x64.Build.0 = Release|Any CPU
		{FBDED8BB-27BD-4236-94B1-32C6B0998113}.Release|x86.ActiveCfg = Release|Any CPU
		{FBDED8BB-27BD-4236-94B1-32C6B0998113}.Release|x86.Build.0 = Release|Any CPU
		{AAA3B111-8392-411A-B55D-BC90D416EBE6}.Debug|Any CPU.ActiveCfg = Debug|x86
		{AAA3B111-8392-411A-B55D-BC90D416EBE6}.Debug|ARM.ActiveCfg = Debug|ARM
		{AAA3B111-8392-411A-B55D-BC90D416EBE6}.Debug|ARM.Build.0 = Debug|ARM
		{AAA3B111-8392-411A-B55D-BC90D416EBE6}.Debug|ARM.Deploy.0 = Debug|ARM
		{AAA3B111-8392-411A-B55D-BC90D416EBE6}.Debug|x64.ActiveCfg = Debug|x64
		{AAA3B111-8392-411A-B55D-BC90D416EBE6}.Debug|x64.Build.0 = Debug|x64
		{AAA3B111-8392-411A-B55D-BC90D416EBE6}.Debug|x64.Deploy.0 = Debug|x64
		{AAA3B111-8392-411A-B55D-BC90D416EBE6}.Debug|x86.ActiveCfg = Debug|x86
		{AAA3B111-8392-411A-B55D-BC90D416EBE6}.Debug|x86.Build.0 = Debug|x86
		{AAA3B111-8392-411A-B55D-BC90D416EBE6}.Debug|x86.Deploy.0 = Debug|x86
		{AAA3B111-8392-411A-B55D-BC90D416EBE6}.Release|Any CPU.ActiveCfg = Release|x86
		{AAA3B111-8392-411A-B55D-BC90D416EBE6}.Release|ARM.ActiveCfg = Release|ARM
		{AAA3B111-8392-411A-B55D-BC90D416EBE6}.Release|ARM.Build.0 = Release|ARM
		{AAA3B111-8392-411A-B55D-BC90D416EBE6}.Release|ARM.Deploy.0 = Release|ARM
		{AAA3B111-8392-411A-B55D-BC90D416EBE6}.Release|x64.ActiveCfg = Release|x64
		{AAA3B111-8392-411A-B55D-BC90D416EBE6}.Release|x64.Build.0 = Release|x64
		{AAA3B111-8392-411A-B55D-BC90D416EBE6}.Release|x64.Deploy.0 = Release|x64
		{AAA3B111-8392-411A-B55D-BC90D416EBE6}.Release|x86.ActiveCfg = Release|x86
		{AAA3B111-8392-411A-B55D-BC90D416EBE6}.Release|x86.Build.0 = Release|x86
		{AAA3B111-8392-411A-B55D-BC90D416EBE6}.Release|x86.Deploy.0 = Release|x86
	EndGlobalSection
	GlobalSection(SolutionProperties) = preSolution
		HideSolutionNode = FALSE
	EndGlobalSection
	GlobalSection(ExtensibilityGlobals) = postSolution
		SolutionGuid = {DEBCE9A0-80B9-4106-BF52-CF7565B9D304}
	EndGlobalSection
EndGlobal
